Microsoft Visual Studio Solution File, Format Version 12.00
# Visual Studio Version 17
VisualStudioVersion = 17.5.2.0
MinimumVisualStudioVersion = 10.0.40219.1
Project("{FAE04EC0-301F-11D3-BF4B-00C04F79EFBC}") = "ASPNETCoreProject", "ASPNETCoreProject.csproj", "{AB2AB7ED-DA6B-E70F-B2A3-42459C247C24}"
EndProject
Global
	GlobalSection(SolutionConfigurationPlatforms) = preSolution
		Debug|Any CPU = Debug|Any CPU
		Release|Any CPU = Release|Any CPU
	EndGlobalSection
	GlobalSection(ProjectConfigurationPlatforms) = postSolution
		{AB2AB7ED-DA6B-E70F-B2A3-42459C247C24}.Debug|Any CPU.ActiveCfg = Debug|Any CPU
		{AB2AB7ED-DA6B-E70F-B2A3-42459C247C24}.Debug|Any CPU.Build.0 = Debug|Any CPU
		{AB2AB7ED-DA6B-E70F-B2A3-42459C247C24}.Release|Any CPU.ActiveCfg = Release|Any CPU
		{AB2AB7ED-DA6B-E70F-B2A3-42459C247C24}.Release|Any CPU.Build.0 = Release|Any CPU
	EndGlobalSection
	GlobalSection(SolutionProperties) = preSolution
		HideSolutionNode = FALSE
	EndGlobalSection
	GlobalSection(ExtensibilityGlobals) = postSolution
		SolutionGuid = {D2E859D1-E4C3-4E8F-95F8-B295CD5AF820}
	EndGlobalSection
EndGlobal
